// !$*UTF8*$!
{
	archiveVersion = 1;
	classes = {
	};
	objectVersion = 56;
	objects = {

/* Begin PBXBuildFile section */
		285D94112BC5B065008345D9 /* AppDelegate.swift in Sources */ = {isa = PBXBuildFile; fileRef = 285D94102BC5B065008345D9 /* AppDelegate.swift */; };
		285D94132BC5B065008345D9 /* SceneDelegate.swift in Sources */ = {isa = PBXBuildFile; fileRef = 285D94122BC5B065008345D9 /* SceneDelegate.swift */; };
		285D94152BC5B065008345D9 /* ViewController.swift in Sources */ = {isa = PBXBuildFile; fileRef = 285D94142BC5B065008345D9 /* ViewController.swift */; };
		285D941A2BC5B067008345D9 /* Assets.xcassets in Resources */ = {isa = PBXBuildFile; fileRef = 285D94192BC5B067008345D9 /* Assets.xcassets */; };
		285D941D2BC5B067008345D9 /* Base in Resources */ = {isa = PBXBuildFile; fileRef = 285D941C2BC5B067008345D9 /* Base */; };
		28A3FE6C2BCD77A100077C2F /* LICENSE.txt in Resources */ = {isa = PBXBuildFile; fileRef = 28A3FE5E2BCD77A100077C2F /* LICENSE.txt */; };
		28A3FE6D2BCD77A100077C2F /* Roboto-Black.ttf in Resources */ = {isa = PBXBuildFile; fileRef = 28A3FE5F2BCD77A100077C2F /* Roboto-Black.ttf */; };
		28A3FE6E2BCD77A100077C2F /* Roboto-BlackItalic.ttf in Resources */ = {isa = PBXBuildFile; fileRef = 28A3FE602BCD77A100077C2F /* Roboto-BlackItalic.ttf */; };
		28A3FE6F2BCD77A100077C2F /* Roboto-Bold.ttf in Resources */ = {isa = PBXBuildFile; fileRef = 28A3FE612BCD77A100077C2F /* Roboto-Bold.ttf */; };
		28A3FE702BCD77A100077C2F /* Roboto-BoldItalic.ttf in Resources */ = {isa = PBXBuildFile; fileRef = 28A3FE622BCD77A100077C2F /* Roboto-BoldItalic.ttf */; };
		28A3FE712BCD77A100077C2F /* Roboto-Italic.ttf in Resources */ = {isa = PBXBuildFile; fileRef = 28A3FE632BCD77A100077C2F /* Roboto-Italic.ttf */; };
		28A3FE722BCD77A100077C2F /* Roboto-Light.ttf in Resources */ = {isa = PBXBuildFile; fileRef = 28A3FE642BCD77A100077C2F /* Roboto-Light.ttf */; };
		28A3FE732BCD77A100077C2F /* Roboto-LightItalic.ttf in Resources */ = {isa = PBXBuildFile; fileRef = 28A3FE652BCD77A100077C2F /* Roboto-LightItalic.ttf */; };
		28A3FE742BCD77A100077C2F /* Roboto-Medium.ttf in Resources */ = {isa = PBXBuildFile; fileRef = 28A3FE662BCD77A100077C2F /* Roboto-Medium.ttf */; };
		28A3FE752BCD77A100077C2F /* Roboto-MediumItalic.ttf in Resources */ = {isa = PBXBuildFile; fileRef = 28A3FE672BCD77A100077C2F /* Roboto-MediumItalic.ttf */; };
		28A3FE762BCD77A100077C2F /* Roboto-Regular.ttf in Resources */ = {isa = PBXBuildFile; fileRef = 28A3FE682BCD77A100077C2F /* Roboto-Regular.ttf */; };
		28A3FE772BCD77A100077C2F /* Roboto-Thin.ttf in Resources */ = {isa = PBXBuildFile; fileRef = 28A3FE692BCD77A100077C2F /* Roboto-Thin.ttf */; };
		28A3FE782BCD77A100077C2F /* Roboto-ThinItalic.ttf in Resources */ = {isa = PBXBuildFile; fileRef = 28A3FE6A2BCD77A100077C2F /* Roboto-ThinItalic.ttf */; };
		28A3FE7B2BCD797F00077C2F /* UIFont+Extension.swift in Sources */ = {isa = PBXBuildFile; fileRef = 28A3FE7A2BCD797F00077C2F /* UIFont+Extension.swift */; };
		28A3FE7D2BD8FB2800077C2F /* UIColor+Extension.swift in Sources */ = {isa = PBXBuildFile; fileRef = 28A3FE7C2BD8FB2800077C2F /* UIColor+Extension.swift */; };
		28A3FE7F2BD8FC4A00077C2F /* AppColors.swift in Sources */ = {isa = PBXBuildFile; fileRef = 28A3FE7E2BD8FC4A00077C2F /* AppColors.swift */; };
		28A3FE842BD91B2A00077C2F /* Coordinator.swift in Sources */ = {isa = PBXBuildFile; fileRef = 28A3FE832BD91B2A00077C2F /* Coordinator.swift */; };
		28A3FE862BD91FD000077C2F /* AppCoordinator.swift in Sources */ = {isa = PBXBuildFile; fileRef = 28A3FE852BD91FD000077C2F /* AppCoordinator.swift */; };
		28A3FE882BD920AC00077C2F /* OnboardingCoordinator.swift in Sources */ = {isa = PBXBuildFile; fileRef = 28A3FE872BD920AC00077C2F /* OnboardingCoordinator.swift */; };
/* End PBXBuildFile section */

/* Begin PBXFileReference section */
		285D940D2BC5B065008345D9 /* FoodDeliveryAdd.app */ = {isa = PBXFileReference; explicitFileType = wrapper.application; includeInIndex = 0; path = FoodDeliveryAdd.app; sourceTree = BUILT_PRODUCTS_DIR; };
		285D94102BC5B065008345D9 /* AppDelegate.swift */ = {isa = PBXFileReference; lastKnownFileType = sourcecode.swift; path = AppDelegate.swift; sourceTree = "<group>"; };
		285D94122BC5B065008345D9 /* SceneDelegate.swift */ = {isa = PBXFileReference; lastKnownFileType = sourcecode.swift; path = SceneDelegate.swift; sourceTree = "<group>"; };
		285D94142BC5B065008345D9 /* ViewController.swift */ = {isa = PBXFileReference; lastKnownFileType = sourcecode.swift; path = ViewController.swift; sourceTree = "<group>"; };
		285D94192BC5B067008345D9 /* Assets.xcassets */ = {isa = PBXFileReference; lastKnownFileType = folder.assetcatalog; path = Assets.xcassets; sourceTree = "<group>"; };
		285D941C2BC5B067008345D9 /* Base */ = {isa = PBXFileReference; lastKnownFileType = file.storyboard; name = Base; path = Base.lproj/LaunchScreen.storyboard; sourceTree = "<group>"; };
		285D941E2BC5B067008345D9 /* Info.plist */ = {isa = PBXFileReference; lastKnownFileType = text.plist.xml; path = Info.plist; sourceTree = "<group>"; };
		28A3FE5E2BCD77A100077C2F /* LICENSE.txt */ = {isa = PBXFileReference; fileEncoding = 4; lastKnownFileType = text; path = LICENSE.txt; sourceTree = "<group>"; };
		28A3FE5F2BCD77A100077C2F /* Roboto-Black.ttf */ = {isa = PBXFileReference; lastKnownFileType = file; path = "Roboto-Black.ttf"; sourceTree = "<group>"; };
		28A3FE602BCD77A100077C2F /* Roboto-BlackItalic.ttf */ = {isa = PBXFileReference; lastKnownFileType = file; path = "Roboto-BlackItalic.ttf"; sourceTree = "<group>"; };
		28A3FE612BCD77A100077C2F /* Roboto-Bold.ttf */ = {isa = PBXFileReference; lastKnownFileType = file; path = "Roboto-Bold.ttf"; sourceTree = "<group>"; };
		28A3FE622BCD77A100077C2F /* Roboto-BoldItalic.ttf */ = {isa = PBXFileReference; lastKnownFileType = file; path = "Roboto-BoldItalic.ttf"; sourceTree = "<group>"; };
		28A3FE632BCD77A100077C2F /* Roboto-Italic.ttf */ = {isa = PBXFileReference; lastKnownFileType = file; path = "Roboto-Italic.ttf"; sourceTree = "<group>"; };
		28A3FE642BCD77A100077C2F /* Roboto-Light.ttf */ = {isa = PBXFileReference; lastKnownFileType = file; path = "Roboto-Light.ttf"; sourceTree = "<group>"; };
		28A3FE652BCD77A100077C2F /* Roboto-LightItalic.ttf */ = {isa = PBXFileReference; lastKnownFileType = file; path = "Roboto-LightItalic.ttf"; sourceTree = "<group>"; };
		28A3FE662BCD77A100077C2F /* Roboto-Medium.ttf */ = {isa = PBXFileReference; lastKnownFileType = file; path = "Roboto-Medium.ttf"; sourceTree = "<group>"; };
		28A3FE672BCD77A100077C2F /* Roboto-MediumItalic.ttf */ = {isa = PBXFileReference; lastKnownFileType = file; path = "Roboto-MediumItalic.ttf"; sourceTree = "<group>"; };
		28A3FE682BCD77A100077C2F /* Roboto-Regular.ttf */ = {isa = PBXFileReference; lastKnownFileType = file; path = "Roboto-Regular.ttf"; sourceTree = "<group>"; };
		28A3FE692BCD77A100077C2F /* Roboto-Thin.ttf */ = {isa = PBXFileReference; lastKnownFileType = file; path = "Roboto-Thin.ttf"; sourceTree = "<group>"; };
		28A3FE6A2BCD77A100077C2F /* Roboto-ThinItalic.ttf */ = {isa = PBXFileReference; lastKnownFileType = file; path = "Roboto-ThinItalic.ttf"; sourceTree = "<group>"; };
		28A3FE7A2BCD797F00077C2F /* UIFont+Extension.swift */ = {isa = PBXFileReference; lastKnownFileType = sourcecode.swift; path = "UIFont+Extension.swift"; sourceTree = "<group>"; };
		28A3FE7C2BD8FB2800077C2F /* UIColor+Extension.swift */ = {isa = PBXFileReference; lastKnownFileType = sourcecode.swift; path = "UIColor+Extension.swift"; sourceTree = "<group>"; };
		28A3FE7E2BD8FC4A00077C2F /* AppColors.swift */ = {isa = PBXFileReference; lastKnownFileType = sourcecode.swift; path = AppColors.swift; sourceTree = "<group>"; };
		28A3FE832BD91B2A00077C2F /* Coordinator.swift */ = {isa = PBXFileReference; lastKnownFileType = sourcecode.swift; path = Coordinator.swift; sourceTree = "<group>"; };
		28A3FE852BD91FD000077C2F /* AppCoordinator.swift */ = {isa = PBXFileReference; lastKnownFileType = sourcecode.swift; path = AppCoordinator.swift; sourceTree = "<group>"; };
		28A3FE872BD920AC00077C2F /* OnboardingCoordinator.swift */ = {isa = PBXFileReference; lastKnownFileType = sourcecode.swift; path = OnboardingCoordinator.swift; sourceTree = "<group>"; };
/* End PBXFileReference section */

/* Begin PBXFrameworksBuildPhase section */
		285D940A2BC5B065008345D9 /* Frameworks */ = {
			isa = PBXFrameworksBuildPhase;
			buildActionMask = 2147483647;
			files = (
			);
			runOnlyForDeploymentPostprocessing = 0;
		};
/* End PBXFrameworksBuildPhase section */

/* Begin PBXGroup section */
		285D94042BC5B065008345D9 = {
			isa = PBXGroup;
			children = (
				285D940F2BC5B065008345D9 /* FoodDeliveryAdd */,
				285D940E2BC5B065008345D9 /* Products */,
			);
			sourceTree = "<group>";
		};
		285D940E2BC5B065008345D9 /* Products */ = {
			isa = PBXGroup;
			children = (
				285D940D2BC5B065008345D9 /* FoodDeliveryAdd.app */,
			);
			name = Products;
			sourceTree = "<group>";
		};
		285D940F2BC5B065008345D9 /* FoodDeliveryAdd */ = {
			isa = PBXGroup;
			children = (
				28A3FE802BD91AD200077C2F /* NavigationLayer */,
				28A3FE5C2BCD775600077C2F /* Resources */,
				285D94102BC5B065008345D9 /* AppDelegate.swift */,
				285D94122BC5B065008345D9 /* SceneDelegate.swift */,
				285D94142BC5B065008345D9 /* ViewController.swift */,
				285D94192BC5B067008345D9 /* Assets.xcassets */,
				285D941B2BC5B067008345D9 /* LaunchScreen.storyboard */,
				285D941E2BC5B067008345D9 /* Info.plist */,
			);
			path = FoodDeliveryAdd;
			sourceTree = "<group>";
		};
		28A3FE5C2BCD775600077C2F /* Resources */ = {
			isa = PBXGroup;
			children = (
				28A3FE792BCD793D00077C2F /* Extensions */,
				28A3FE5D2BCD777200077C2F /* Fonts */,
				28A3FE7E2BD8FC4A00077C2F /* AppColors.swift */,
			);
			path = Resources;
			sourceTree = "<group>";
		};
		28A3FE5D2BCD777200077C2F /* Fonts */ = {
			isa = PBXGroup;
			children = (
				28A3FE6B2BCD77A100077C2F /* Roboto */,
			);
			path = Fonts;
			sourceTree = "<group>";
		};
		28A3FE6B2BCD77A100077C2F /* Roboto */ = {
			isa = PBXGroup;
			children = (
				28A3FE5E2BCD77A100077C2F /* LICENSE.txt */,
				28A3FE5F2BCD77A100077C2F /* Roboto-Black.ttf */,
				28A3FE602BCD77A100077C2F /* Roboto-BlackItalic.ttf */,
				28A3FE612BCD77A100077C2F /* Roboto-Bold.ttf */,
				28A3FE622BCD77A100077C2F /* Roboto-BoldItalic.ttf */,
				28A3FE632BCD77A100077C2F /* Roboto-Italic.ttf */,
				28A3FE642BCD77A100077C2F /* Roboto-Light.ttf */,
				28A3FE652BCD77A100077C2F /* Roboto-LightItalic.ttf */,
				28A3FE662BCD77A100077C2F /* Roboto-Medium.ttf */,
				28A3FE672BCD77A100077C2F /* Roboto-MediumItalic.ttf */,
				28A3FE682BCD77A100077C2F /* Roboto-Regular.ttf */,
				28A3FE692BCD77A100077C2F /* Roboto-Thin.ttf */,
				28A3FE6A2BCD77A100077C2F /* Roboto-ThinItalic.ttf */,
			);
			path = Roboto;
			sourceTree = "<group>";
		};
		28A3FE792BCD793D00077C2F /* Extensions */ = {
			isa = PBXGroup;
			children = (
				28A3FE7A2BCD797F00077C2F /* UIFont+Extension.swift */,
				28A3FE7C2BD8FB2800077C2F /* UIColor+Extension.swift */,
			);
			path = Extensions;
			sourceTree = "<group>";
		};
		28A3FE802BD91AD200077C2F /* NavigationLayer */ = {
			isa = PBXGroup;
			children = (
				28A3FE822BD91B0900077C2F /* Coordinators */,
				28A3FE812BD91AFD00077C2F /* Controller */,
			);
			path = NavigationLayer;
			sourceTree = "<group>";
		};
		28A3FE812BD91AFD00077C2F /* Controller */ = {
			isa = PBXGroup;
			children = (
			);
			path = Controller;
			sourceTree = "<group>";
		};
		28A3FE822BD91B0900077C2F /* Coordinators */ = {
			isa = PBXGroup;
			children = (
				28A3FE832BD91B2A00077C2F /* Coordinator.swift */,
				28A3FE852BD91FD000077C2F /* AppCoordinator.swift */,
				28A3FE872BD920AC00077C2F /* OnboardingCoordinator.swift */,
			);
			path = Coordinators;
			sourceTree = "<group>";
		};
/* End PBXGroup section */

/* Begin PBXNativeTarget section */
		285D940C2BC5B065008345D9 /* FoodDeliveryAdd */ = {
			isa = PBXNativeTarget;
			buildConfigurationList = 285D94212BC5B067008345D9 /* Build configuration list for PBXNativeTarget "FoodDeliveryAdd" */;
			buildPhases = (
				285D94092BC5B065008345D9 /* Sources */,
				285D940A2BC5B065008345D9 /* Frameworks */,
				285D940B2BC5B065008345D9 /* Resources */,
			);
			buildRules = (
			);
			dependencies = (
			);
			name = FoodDeliveryAdd;
			productName = FoodDeliveryAdd;
			productReference = 285D940D2BC5B065008345D9 /* FoodDeliveryAdd.app */;
			productType = "com.apple.product-type.application";
		};
/* End PBXNativeTarget section */

/* Begin PBXProject section */
		285D94052BC5B065008345D9 /* Project object */ = {
			isa = PBXProject;
			attributes = {
				BuildIndependentTargetsInParallel = 1;
				LastSwiftUpdateCheck = 1530;
				LastUpgradeCheck = 1530;
				TargetAttributes = {
					285D940C2BC5B065008345D9 = {
						CreatedOnToolsVersion = 15.3;
					};
				};
			};
			buildConfigurationList = 285D94082BC5B065008345D9 /* Build configuration list for PBXProject "FoodDeliveryAdd" */;
			compatibilityVersion = "Xcode 14.0";
			developmentRegion = en;
			hasScannedForEncodings = 0;
			knownRegions = (
				en,
				Base,
			);
			mainGroup = 285D94042BC5B065008345D9;
			productRefGroup = 285D940E2BC5B065008345D9 /* Products */;
			projectDirPath = "";
			projectRoot = "";
			targets = (
				285D940C2BC5B065008345D9 /* FoodDeliveryAdd */,
			);
		};
/* End PBXProject section */

/* Begin PBXResourcesBuildPhase section */
		285D940B2BC5B065008345D9 /* Resources */ = {
			isa = PBXResourcesBuildPhase;
			buildActionMask = 2147483647;
			files = (
				28A3FE782BCD77A100077C2F /* Roboto-ThinItalic.ttf in Resources */,
				28A3FE772BCD77A100077C2F /* Roboto-Thin.ttf in Resources */,
				28A3FE6C2BCD77A100077C2F /* LICENSE.txt in Resources */,
				285D941A2BC5B067008345D9 /* Assets.xcassets in Resources */,
				28A3FE732BCD77A100077C2F /* Roboto-LightItalic.ttf in Resources */,
				28A3FE6F2BCD77A100077C2F /* Roboto-Bold.ttf in Resources */,
				28A3FE752BCD77A100077C2F /* Roboto-MediumItalic.ttf in Resources */,
				28A3FE6E2BCD77A100077C2F /* Roboto-BlackItalic.ttf in Resources */,
				285D941D2BC5B067008345D9 /* Base in Resources */,
				28A3FE712BCD77A100077C2F /* Roboto-Italic.ttf in Resources */,
				28A3FE702BCD77A100077C2F /* Roboto-BoldItalic.ttf in Resources */,
				28A3FE742BCD77A100077C2F /* Roboto-Medium.ttf in Resources */,
				28A3FE762BCD77A100077C2F /* Roboto-Regular.ttf in Resources */,
				28A3FE6D2BCD77A100077C2F /* Roboto-Black.ttf in Resources */,
				28A3FE722BCD77A100077C2F /* Roboto-Light.ttf in Resources */,
			);
			runOnlyForDeploymentPostprocessing = 0;
		};
/* End PBXResourcesBuildPhase section */

/* Begin PBXSourcesBuildPhase section */
		285D94092BC5B065008345D9 /* Sources */ = {
			isa = PBXSourcesBuildPhase;
			buildActionMask = 2147483647;
			files = (
				285D94152BC5B065008345D9 /* ViewController.swift in Sources */,
				285D94112BC5B065008345D9 /* AppDelegate.swift in Sources */,
				28A3FE7B2BCD797F00077C2F /* UIFont+Extension.swift in Sources */,
				28A3FE7F2BD8FC4A00077C2F /* AppColors.swift in Sources */,
				28A3FE882BD920AC00077C2F /* OnboardingCoordinator.swift in Sources */,
				28A3FE862BD91FD000077C2F /* AppCoordinator.swift in Sources */,
				285D94132BC5B065008345D9 /* SceneDelegate.swift in Sources */,
				28A3FE7D2BD8FB2800077C2F /* UIColor+Extension.swift in Sources */,
				28A3FE842BD91B2A00077C2F /* Coordinator.swift in Sources */,
			);
			runOnlyForDeploymentPostprocessing = 0;
		};
/* End PBXSourcesBuildPhase section */

/* Begin PBXVariantGroup section */
		285D941B2BC5B067008345D9 /* LaunchScreen.storyboard */ = {
			isa = PBXVariantGroup;
			children = (
				285D941C2BC5B067008345D9 /* Base */,
			);
			name = LaunchScreen.storyboard;
			sourceTree = "<group>";
		};
/* End PBXVariantGroup section */

/* Begin XCBuildConfiguration section */
		285D941F2BC5B067008345D9 /* Debug */ = {
			isa = XCBuildConfiguration;
			buildSettings = {
				ALWAYS_SEARCH_USER_PATHS = NO;
				ASSETCATALOG_COMPILER_GENERATE_SWIFT_ASSET_SYMBOL_EXTENSIONS = YES;
				CLANG_ANALYZER_NONNULL = YES;
				CLANG_ANALYZER_NUMBER_OBJECT_CONVERSION = YES_AGGRESSIVE;
				CLANG_CXX_LANGUAGE_STANDARD = "gnu++20";
				CLANG_ENABLE_MODULES = YES;
				CLANG_ENABLE_OBJC_ARC = YES;
				CLANG_ENABLE_OBJC_WEAK = YES;
				CLANG_WARN_BLOCK_CAPTURE_AUTORELEASING = YES;
				CLANG_WARN_BOOL_CONVERSION = YES;
				CLANG_WARN_COMMA = YES;
				CLANG_WARN_CONSTANT_CONVERSION = YES;
				CLANG_WARN_DEPRECATED_OBJC_IMPLEMENTATIONS = YES;
				CLANG_WARN_DIRECT_OBJC_ISA_USAGE = YES_ERROR;
				CLANG_WARN_DOCUMENTATION_COMMENTS = YES;
				CLANG_WARN_EMPTY_BODY = YES;
				CLANG_WARN_ENUM_CONVERSION = YES;
				CLANG_WARN_INFINITE_RECURSION = YES;
				CLANG_WARN_INT_CONVERSION = YES;
				CLANG_WARN_NON_LITERAL_NULL_CONVERSION = YES;
				CLANG_WARN_OBJC_IMPLICIT_RETAIN_SELF = YES;
				CLANG_WARN_OBJC_LITERAL_CONVERSION = YES;
				CLANG_WARN_OBJC_ROOT_CLASS = YES_ERROR;
				CLANG_WARN_QUOTED_INCLUDE_IN_FRAMEWORK_HEADER = YES;
				CLANG_WARN_RANGE_LOOP_ANALYSIS = YES;
				CLANG_WARN_STRICT_PROTOTYPES = YES;
				CLANG_WARN_SUSPICIOUS_MOVE = YES;
				CLANG_WARN_UNGUARDED_AVAILABILITY = YES_AGGRESSIVE;
				CLANG_WARN_UNREACHABLE_CODE = YES;
				CLANG_WARN__DUPLICATE_METHOD_MATCH = YES;
				COPY_PHASE_STRIP = NO;
				DEBUG_INFORMATION_FORMAT = dwarf;
				ENABLE_STRICT_OBJC_MSGSEND = YES;
				ENABLE_TESTABILITY = YES;
				ENABLE_USER_SCRIPT_SANDBOXING = YES;
				GCC_C_LANGUAGE_STANDARD = gnu17;
				GCC_DYNAMIC_NO_PIC = NO;
				GCC_NO_COMMON_BLOCKS = YES;
				GCC_OPTIMIZATION_LEVEL = 0;
				GCC_PREPROCESSOR_DEFINITIONS = (
					"DEBUG=1",
					"$(inherited)",
				);
				GCC_WARN_64_TO_32_BIT_CONVERSION = YES;
				GCC_WARN_ABOUT_RETURN_TYPE = YES_ERROR;
				GCC_WARN_UNDECLARED_SELECTOR = YES;
				GCC_WARN_UNINITIALIZED_AUTOS = YES_AGGRESSIVE;
				GCC_WARN_UNUSED_FUNCTION = YES;
				GCC_WARN_UNUSED_VARIABLE = YES;
				IPHONEOS_DEPLOYMENT_TARGET = 17.2;
				LOCALIZATION_PREFERS_STRING_CATALOGS = YES;
				MTL_ENABLE_DEBUG_INFO = INCLUDE_SOURCE;
				MTL_FAST_MATH = YES;
				ONLY_ACTIVE_ARCH = YES;
				SDKROOT = iphoneos;
				SWIFT_ACTIVE_COMPILATION_CONDITIONS = "DEBUG $(inherited)";
				SWIFT_OPTIMIZATION_LEVEL = "-Onone";
			};
			name = Debug;
		};
		285D94202BC5B067008345D9 /* Release */ = {
			isa = XCBuildConfiguration;
			buildSettings = {
				ALWAYS_SEARCH_USER_PATHS = NO;
				ASSETCATALOG_COMPILER_GENERATE_SWIFT_ASSET_SYMBOL_EXTENSIONS = YES;
				CLANG_ANALYZER_NONNULL = YES;
				CLANG_ANALYZER_NUMBER_OBJECT_CONVERSION = YES_AGGRESSIVE;
				CLANG_CXX_LANGUAGE_STANDARD = "gnu++20";
				CLANG_ENABLE_MODULES = YES;
				CLANG_ENABLE_OBJC_ARC = YES;
				CLANG_ENABLE_OBJC_WEAK = YES;
				CLANG_WARN_BLOCK_CAPTURE_AUTORELEASING = YES;
				CLANG_WARN_BOOL_CONVERSION = YES;
				CLANG_WARN_COMMA = YES;
				CLANG_WARN_CONSTANT_CONVERSION = YES;
				CLANG_WARN_DEPRECATED_OBJC_IMPLEMENTATIONS = YES;
				CLANG_WARN_DIRECT_OBJC_ISA_USAGE = YES_ERROR;
				CLANG_WARN_DOCUMENTATION_COMMENTS = YES;
				CLANG_WARN_EMPTY_BODY = YES;
				CLANG_WARN_ENUM_CONVERSION = YES;
				CLANG_WARN_INFINITE_RECURSION = YES;
				CLANG_WARN_INT_CONVERSION = YES;
				CLANG_WARN_NON_LITERAL_NULL_CONVERSION = YES;
				CLANG_WARN_OBJC_IMPLICIT_RETAIN_SELF = YES;
				CLANG_WARN_OBJC_LITERAL_CONVERSION = YES;
				CLANG_WARN_OBJC_ROOT_CLASS = YES_ERROR;
				CLANG_WARN_QUOTED_INCLUDE_IN_FRAMEWORK_HEADER = YES;
				CLANG_WARN_RANGE_LOOP_ANALYSIS = YES;
				CLANG_WARN_STRICT_PROTOTYPES = YES;
				CLANG_WARN_SUSPICIOUS_MOVE = YES;
				CLANG_WARN_UNGUARDED_AVAILABILITY = YES_AGGRESSIVE;
				CLANG_WARN_UNREACHABLE_CODE = YES;
				CLANG_WARN__DUPLICATE_METHOD_MATCH = YES;
				COPY_PHASE_STRIP = NO;
				DEBUG_INFORMATION_FORMAT = "dwarf-with-dsym";
				ENABLE_NS_ASSERTIONS = NO;
				ENABLE_STRICT_OBJC_MSGSEND = YES;
				ENABLE_USER_SCRIPT_SANDBOXING = YES;
				GCC_C_LANGUAGE_STANDARD = gnu17;
				GCC_NO_COMMON_BLOCKS = YES;
				GCC_WARN_64_TO_32_BIT_CONVERSION = YES;
				GCC_WARN_ABOUT_RETURN_TYPE = YES_ERROR;
				GCC_WARN_UNDECLARED_SELECTOR = YES;
				GCC_WARN_UNINITIALIZED_AUTOS = YES_AGGRESSIVE;
				GCC_WARN_UNUSED_FUNCTION = YES;
				GCC_WARN_UNUSED_VARIABLE = YES;
				IPHONEOS_DEPLOYMENT_TARGET = 17.2;
				LOCALIZATION_PREFERS_STRING_CATALOGS = YES;
				MTL_ENABLE_DEBUG_INFO = NO;
				MTL_FAST_MATH = YES;
				SDKROOT = iphoneos;
				SWIFT_COMPILATION_MODE = wholemodule;
				VALIDATE_PRODUCT = YES;
			};
			name = Release;
		};
		285D94222BC5B067008345D9 /* Debug */ = {
			isa = XCBuildConfiguration;
			buildSettings = {
				ASSETCATALOG_COMPILER_APPICON_NAME = AppIcon;
				ASSETCATALOG_COMPILER_GLOBAL_ACCENT_COLOR_NAME = AccentColor;
				CODE_SIGN_STYLE = Automatic;
				CURRENT_PROJECT_VERSION = 1;
				DEVELOPMENT_TEAM = YB73HN6RF4;
				GENERATE_INFOPLIST_FILE = YES;
				INFOPLIST_FILE = FoodDeliveryAdd/Info.plist;
				INFOPLIST_KEY_UIApplicationSupportsIndirectInputEvents = YES;
				INFOPLIST_KEY_UILaunchStoryboardName = LaunchScreen;
				INFOPLIST_KEY_UISupportedInterfaceOrientations_iPad = "UIInterfaceOrientationPortrait UIInterfaceOrientationPortraitUpsideDown UIInterfaceOrientationLandscapeLeft UIInterfaceOrientationLandscapeRight";
				INFOPLIST_KEY_UISupportedInterfaceOrientations_iPhone = "UIInterfaceOrientationPortrait UIInterfaceOrientationLandscapeLeft UIInterfaceOrientationLandscapeRight";
				IPHONEOS_DEPLOYMENT_TARGET = 17.2;
				LD_RUNPATH_SEARCH_PATHS = (
					"$(inherited)",
					"@executable_path/Frameworks",
				);
				MARKETING_VERSION = 1.0;
				PRODUCT_BUNDLE_IDENTIFIER = "myjobil.ku-gmail.com.FoodDeliveryAdd";
				PRODUCT_NAME = "$(TARGET_NAME)";
				SWIFT_EMIT_LOC_STRINGS = YES;
				SWIFT_VERSION = 5.0;
				TARGETED_DEVICE_FAMILY = "1,2";
			};
			name = Debug;
		};
		285D94232BC5B067008345D9 /* Release */ = {
			isa = XCBuildConfiguration;
			buildSettings = {
				ASSETCATALOG_COMPILER_APPICON_NAME = AppIcon;
				ASSETCATALOG_COMPILER_GLOBAL_ACCENT_COLOR_NAME = AccentColor;
				CODE_SIGN_STYLE = Automatic;
				CURRENT_PROJECT_VERSION = 1;
				DEVELOPMENT_TEAM = YB73HN6RF4;
				GENERATE_INFOPLIST_FILE = YES;
				INFOPLIST_FILE = FoodDeliveryAdd/Info.plist;
				INFOPLIST_KEY_UIApplicationSupportsIndirectInputEvents = YES;
				INFOPLIST_KEY_UILaunchStoryboardName = LaunchScreen;
				INFOPLIST_KEY_UISupportedInterfaceOrientations_iPad = "UIInterfaceOrientationPortrait UIInterfaceOrientationPortraitUpsideDown UIInterfaceOrientationLandscapeLeft UIInterfaceOrientationLandscapeRight";
				INFOPLIST_KEY_UISupportedInterfaceOrientations_iPhone = "UIInterfaceOrientationPortrait UIInterfaceOrientationLandscapeLeft UIInterfaceOrientationLandscapeRight";
				IPHONEOS_DEPLOYMENT_TARGET = 17.2;
				LD_RUNPATH_SEARCH_PATHS = (
					"$(inherited)",
					"@executable_path/Frameworks",
				);
				MARKETING_VERSION = 1.0;
				PRODUCT_BUNDLE_IDENTIFIER = "myjobil.ku-gmail.com.FoodDeliveryAdd";
				PRODUCT_NAME = "$(TARGET_NAME)";
				SWIFT_EMIT_LOC_STRINGS = YES;
				SWIFT_VERSION = 5.0;
				TARGETED_DEVICE_FAMILY = "1,2";
			};
			name = Release;
		};
/* End XCBuildConfiguration section */

/* Begin XCConfigurationList section */
		285D94082BC5B065008345D9 /* Build configuration list for PBXProject "FoodDeliveryAdd" */ = {
			isa = XCConfigurationList;
			buildConfigurations = (
				285D941F2BC5B067008345D9 /* Debug */,
				285D94202BC5B067008345D9 /* Release */,
			);
			defaultConfigurationIsVisible = 0;
			defaultConfigurationName = Release;
		};
		285D94212BC5B067008345D9 /* Build configuration list for PBXNativeTarget "FoodDeliveryAdd" */ = {
			isa = XCConfigurationList;
			buildConfigurations = (
				285D94222BC5B067008345D9 /* Debug */,
				285D94232BC5B067008345D9 /* Release */,
			);
			defaultConfigurationIsVisible = 0;
			defaultConfigurationName = Release;
		};
/* End XCConfigurationList section */
	};
	rootObject = 285D94052BC5B065008345D9 /* Project object */;
}
